# This is a Gradle generated file for dependency locking.
# Manual edits can break the build and are not advised.
# This file is expected to be part of source control.
cglib:cglib-nodep:3.2.2
com.fasterxml.jackson.core:jackson-annotations:2.9.0
com.fasterxml.jackson.core:jackson-core:2.9.9
com.fasterxml.jackson.core:jackson-databind:2.9.9.3
com.fasterxml.jackson.datatype:jackson-datatype-joda:2.9.9
com.fasterxml.jackson:jackson-bom:2.9.9.20190807
com.github.stefanbirkner:system-rules:1.19.0
com.github.tomakehurst:wiremock-standalone:2.20.0
com.google.code.findbugs:jsr305:1.3.9
com.google.code.gson:gson:2.3.1
com.google.guava:guava-testlib:18.0
com.google.guava:guava:18.0
com.google.truth:truth:0.23
com.kohlschutter.junixsocket:junixsocket-common:2.0.4
com.kohlschutter.junixsocket:junixsocket-native-common:2.0.4
com.netflix.nebula:gradle-info-plugin:9.1.1
com.netflix.nebula:nebula-test:7.9.3
com.spatial4j:spatial4j:0.4.1
commons-codec:commons-codec:1.9
commons-io:commons-io:2.5
commons-logging:commons-logging:1.2
io.searchbox:jest-common:0.1.7
io.searchbox:jest:0.1.7
javax.activation:javax.activation-api:1.2.0
javax.annotation:javax.annotation-api:1.3.2
javax.xml.bind:jaxb-api:2.3.1
joda-time:joda-time:2.8.2
junit:junit:4.11
net.java.dev.jna:jna-platform:5.2.0
net.java.dev.jna:jna:5.2.0
org.apache.commons:commons-compress:1.18
org.apache.commons:commons-lang3:3.4
org.apache.httpcomponents:fluent-hc:4.5.1
org.apache.httpcomponents:httpasyncclient:4.1
org.apache.httpcomponents:httpclient:4.5.1
org.apache.httpcomponents:httpcore-nio:4.4.1
org.apache.httpcomponents:httpcore:4.4.3
org.apache.lucene:lucene-analyzers-common:4.10.4
org.apache.lucene:lucene-core:4.10.4
org.apache.lucene:lucene-grouping:4.10.4
org.apache.lucene:lucene-highlighter:4.10.4
org.apache.lucene:lucene-join:4.10.4
org.apache.lucene:lucene-memory:4.10.4
org.apache.lucene:lucene-misc:4.10.4
org.apache.lucene:lucene-queries:4.10.4
org.apache.lucene:lucene-queryparser:4.10.4
org.apache.lucene:lucene-sandbox:4.10.4
org.apache.lucene:lucene-spatial:4.10.4
org.apache.lucene:lucene-suggest:4.10.4
org.elasticsearch:elasticsearch:1.7.2
org.hamcrest:hamcrest-all:1.3
org.jetbrains:annotations:16.0.3
org.objenesis:objenesis:2.4
org.projectlombok:lombok:1.18.10
org.rnorth.duct-tape:duct-tape:1.0.7
org.rnorth.visible-assertions:visible-assertions:2.1.2
org.rnorth:tcp-unix-socket-proxy:1.0.2
org.scijava:native-lib-loader:2.0.2
org.slf4j:slf4j-api:1.7.25
org.spockframework:spock-core:1.3-groovy-2.4
org.testcontainers:elasticsearch:1.10.5
org.testcontainers:spock:1.10.5
org.testcontainers:testcontainers:1.10.5
org.yaml:snakeyaml:1.12
